
Microsoft Visual Studio Solution File, Format Version 12.00
# Visual Studio Version 16
VisualStudioVersion = 16.0.29519.87
MinimumVisualStudioVersion = 10.0.40219.1
Project("{FAE04EC0-301F-11D3-BF4B-00C04F79EFBC}") = "RPS-workshop", "RPS-workshop.csproj", "{CFC816E8-7469-41F2-A9D4-EB0691552B25}"
EndProject
Global
	GlobalSection(SolutionConfigurationPlatforms) = preSolution
		Debug|Any CPU = Debug|Any CPU
		Release|Any CPU = Release|Any CPU
	EndGlobalSection
	GlobalSection(ProjectConfigurationPlatforms) = postSolution
		{CFC816E8-7469-41F2-A9D4-EB0691552B25}.Debug|Any CPU.ActiveCfg = Debug|Any CPU
		{CFC816E8-7469-41F2-A9D4-EB0691552B25}.Debug|Any CPU.Build.0 = Debug|Any CPU
		{CFC816E8-7469-41F2-A9D4-EB0691552B25}.Release|Any CPU.ActiveCfg = Release|Any CPU
		{CFC816E8-7469-41F2-A9D4-EB0691552B25}.Release|Any CPU.Build.0 = Release|Any CPU
	EndGlobalSection
	GlobalSection(SolutionProperties) = preSolution
		HideSolutionNode = FALSE
	EndGlobalSection
	GlobalSection(ExtensibilityGlobals) = postSolution
		SolutionGuid = {42DF3CE8-E87A-426A-BD3D-D499757D2E84}
	EndGlobalSection
EndGlobal
